
Microsoft Visual Studio Solution File, Format Version 12.00
# Visual Studio 15
VisualStudioVersion = 15.0.28307.329
MinimumVisualStudioVersion = 10.0.40219.1
Project("{FAE04EC0-301F-11D3-BF4B-00C04F79EFBC}") = "InteractiveLearning", "InteractiveLearning.csproj", "{720790A8-6A5D-4DA2-88E0-5CE8FA140317}"
EndProject
Project("{FAE04EC0-301F-11D3-BF4B-00C04F79EFBC}") = "InteractiveLearningTutor", "..\InteractiveLearningTutor\InteractiveLearningTutor.csproj", "{639B4044-07C8-4E7B-8AB7-F1C07BDDF06F}"
EndProject
Project("{FAE04EC0-301F-11D3-BF4B-00C04F79EFBC}") = "IntLearnShared", "..\IntLearnShared\IntLearnShared.csproj", "{91B53010-01F1-451F-846E-59B0B64F0C2A}"
EndProject
Project("{FAE04EC0-301F-11D3-BF4B-00C04F79EFBC}") = "Test", "Test\Test.csproj", "{D13B7231-D353-4C78-BF20-4F1279571504}"
EndProject
Project("{FAE04EC0-301F-11D3-BF4B-00C04F79EFBC}") = "OwcUnitTest", "..\OwcUnitTest\OwcUnitTest.csproj", "{9041624E-890C-446C-9F4F-252DF1769EEF}"
EndProject
Global
	GlobalSection(SolutionConfigurationPlatforms) = preSolution
		Debug|Any CPU = Debug|Any CPU
		Release|Any CPU = Release|Any CPU
	EndGlobalSection
	GlobalSection(ProjectConfigurationPlatforms) = postSolution
		{720790A8-6A5D-4DA2-88E0-5CE8FA140317}.Debug|Any CPU.ActiveCfg = Debug|Any CPU
		{720790A8-6A5D-4DA2-88E0-5CE8FA140317}.Debug|Any CPU.Build.0 = Debug|Any CPU
		{720790A8-6A5D-4DA2-88E0-5CE8FA140317}.Release|Any CPU.ActiveCfg = Release|Any CPU
		{720790A8-6A5D-4DA2-88E0-5CE8FA140317}.Release|Any CPU.Build.0 = Release|Any CPU
		{639B4044-07C8-4E7B-8AB7-F1C07BDDF06F}.Debug|Any CPU.ActiveCfg = Debug|Any CPU
		{639B4044-07C8-4E7B-8AB7-F1C07BDDF06F}.Debug|Any CPU.Build.0 = Debug|Any CPU
		{639B4044-07C8-4E7B-8AB7-F1C07BDDF06F}.Release|Any CPU.ActiveCfg = Release|Any CPU
		{639B4044-07C8-4E7B-8AB7-F1C07BDDF06F}.Release|Any CPU.Build.0 = Release|Any CPU
		{91B53010-01F1-451F-846E-59B0B64F0C2A}.Debug|Any CPU.ActiveCfg = Debug|Any CPU
		{91B53010-01F1-451F-846E-59B0B64F0C2A}.Debug|Any CPU.Build.0 = Debug|Any CPU
		{91B53010-01F1-451F-846E-59B0B64F0C2A}.Release|Any CPU.ActiveCfg = Release|Any CPU
		{91B53010-01F1-451F-846E-59B0B64F0C2A}.Release|Any CPU.Build.0 = Release|Any CPU
		{D13B7231-D353-4C78-BF20-4F1279571504}.Debug|Any CPU.ActiveCfg = Debug|Any CPU
		{D13B7231-D353-4C78-BF20-4F1279571504}.Debug|Any CPU.Build.0 = Debug|Any CPU
		{D13B7231-D353-4C78-BF20-4F1279571504}.Release|Any CPU.ActiveCfg = Release|Any CPU
		{D13B7231-D353-4C78-BF20-4F1279571504}.Release|Any CPU.Build.0 = Release|Any CPU
		{9041624E-890C-446C-9F4F-252DF1769EEF}.Debug|Any CPU.ActiveCfg = Debug|Any CPU
		{9041624E-890C-446C-9F4F-252DF1769EEF}.Debug|Any CPU.Build.0 = Debug|Any CPU
		{9041624E-890C-446C-9F4F-252DF1769EEF}.Release|Any CPU.ActiveCfg = Release|Any CPU
		{9041624E-890C-446C-9F4F-252DF1769EEF}.Release|Any CPU.Build.0 = Release|Any CPU
	EndGlobalSection
	GlobalSection(SolutionProperties) = preSolution
		HideSolutionNode = FALSE
	EndGlobalSection
	GlobalSection(ExtensibilityGlobals) = postSolution
		SolutionGuid = {ADE74FFE-2F8C-4478-A1CA-AAFD24F803A0}
	EndGlobalSection
EndGlobal
